// !$*UTF8*$!
{
	archiveVersion = 1;
	classes = {
	};
	objectVersion = 45;
	objects = {

/* Begin PBXBuildFile section */
		1DDD58160DA1D0A300B32029 /* GitBuddy.xib in Resources */ = {isa = PBXBuildFile; fileRef = 1DDD58140DA1D0A300B32029 /* GitBuddy.xib */; };
		256AC3DA0F4B6AC300CF3369 /* GitBuddy.m in Sources */ = {isa = PBXBuildFile; fileRef = 256AC3D90F4B6AC300CF3369 /* GitBuddy.m */; };
		76310F7D123A5CA60090CBFE /* Carbon.framework in Frameworks */ = {isa = PBXBuildFile; fileRef = 76310F7C123A5CA60090CBFE /* Carbon.framework */; };
		763110E4123A79D60090CBFE /* Clone.m in Sources */ = {isa = PBXBuildFile; fileRef = 763110E3123A79D60090CBFE /* Clone.m */; };
		763D51A9125344500062039A /* RepositoryTracker.m in Sources */ = {isa = PBXBuildFile; fileRef = 763D51A8125344500062039A /* RepositoryTracker.m */; };
		763D51AA125344500062039A /* RepositoryTracker.m in Sources */ = {isa = PBXBuildFile; fileRef = 763D51A8125344500062039A /* RepositoryTracker.m */; };
		763D51FD125370CD0062039A /* NotificationsIcon.png in Resources */ = {isa = PBXBuildFile; fileRef = 763D51FC125370CD0062039A /* NotificationsIcon.png */; };
		763D51FE125370CD0062039A /* NotificationsIcon.png in Resources */ = {isa = PBXBuildFile; fileRef = 763D51FC125370CD0062039A /* NotificationsIcon.png */; };
		7649A7F9123E6BC300D365AF /* MGPreferencePanel.m in Sources */ = {isa = PBXBuildFile; fileRef = 7649A7F8123E6BC300D365AF /* MGPreferencePanel.m */; };
		765C8F98123697AD00FCFF42 /* ProjectSubMenu.m in Sources */ = {isa = PBXBuildFile; fileRef = 765C8F97123697AD00FCFF42 /* ProjectSubMenu.m */; };
		766B541A12324605008738D4 /* Git_72x25.png in Resources */ = {isa = PBXBuildFile; fileRef = 766B541412324605008738D4 /* Git_72x25.png */; };
		766B541B12324605008738D4 /* GitBuddy.icns in Resources */ = {isa = PBXBuildFile; fileRef = 766B541512324605008738D4 /* GitBuddy.icns */; };
		766B543912324DA2008738D4 /* GitWrapper.m in Sources */ = {isa = PBXBuildFile; fileRef = 766B543812324DA2008738D4 /* GitWrapper.m */; };
		766B543B12325CCD008738D4 /* wrapper.py in Resources */ = {isa = PBXBuildFile; fileRef = 766B543A12325CCD008738D4 /* wrapper.py */; };
		766B547312325E43008738D4 /* NSObject+SBJSON.m in Sources */ = {isa = PBXBuildFile; fileRef = 766B546A12325E43008738D4 /* NSObject+SBJSON.m */; };
		766B547412325E43008738D4 /* NSString+SBJSON.m in Sources */ = {isa = PBXBuildFile; fileRef = 766B546C12325E43008738D4 /* NSString+SBJSON.m */; };
		766B547512325E43008738D4 /* SBJsonBase.m in Sources */ = {isa = PBXBuildFile; fileRef = 766B546E12325E43008738D4 /* SBJsonBase.m */; };
		766B547612325E43008738D4 /* SBJsonParser.m in Sources */ = {isa = PBXBuildFile; fileRef = 766B547012325E43008738D4 /* SBJsonParser.m */; };
		766B547712325E43008738D4 /* SBJsonWriter.m in Sources */ = {isa = PBXBuildFile; fileRef = 766B547212325E43008738D4 /* SBJsonWriter.m */; };
		766B55C912328322008738D4 /* UserDefaults.plist in Resources */ = {isa = PBXBuildFile; fileRef = 766B55C812328322008738D4 /* UserDefaults.plist */; };
		766B57CD1232BFD6008738D4 /* ProjectBuddy.m in Sources */ = {isa = PBXBuildFile; fileRef = 766B57CC1232BFD6008738D4 /* ProjectBuddy.m */; };
		767C9811124A4AB10037B0F9 /* CommitsSource.m in Sources */ = {isa = PBXBuildFile; fileRef = 767C9810124A4AB10037B0F9 /* CommitsSource.m */; };
		767C9812124A4AB10037B0F9 /* CommitsSource.m in Sources */ = {isa = PBXBuildFile; fileRef = 767C9810124A4AB10037B0F9 /* CommitsSource.m */; };
		767C985F124A50640037B0F9 /* CommitsLog.m in Sources */ = {isa = PBXBuildFile; fileRef = 767C985E124A50640037B0F9 /* CommitsLog.m */; };
		767C9860124A50640037B0F9 /* CommitsLog.m in Sources */ = {isa = PBXBuildFile; fileRef = 767C985E124A50640037B0F9 /* CommitsLog.m */; };
		767E35191237CD2A009AB7D6 /* DiffViewSource.m in Sources */ = {isa = PBXBuildFile; fileRef = 767E35181237CD2A009AB7D6 /* DiffViewSource.m */; };
		768D9FF61247D1C4008D71AF /* dsa_pub.pem in Resources */ = {isa = PBXBuildFile; fileRef = 768D9FF51247D1C4008D71AF /* dsa_pub.pem */; };
		768D9FF81247D1CF008D71AF /* ReleaseNotes.html in Resources */ = {isa = PBXBuildFile; fileRef = 768D9FF71247D1CF008D71AF /* ReleaseNotes.html */; };
		768DA02E1247D6CB008D71AF /* ShortcutRecorder.framework in Frameworks */ = {isa = PBXBuildFile; fileRef = 768DA02D1247D6CB008D71AF /* ShortcutRecorder.framework */; };
		768DA0391247D6CF008D71AF /* ShortcutRecorder.framework in CopyFiles */ = {isa = PBXBuildFile; fileRef = 768DA02D1247D6CB008D71AF /* ShortcutRecorder.framework */; };
		768DA04D1247D8DF008D71AF /* InfoPlist.strings in Resources */ = {isa = PBXBuildFile; fileRef = 089C165CFE840E0CC02AAC07 /* InfoPlist.strings */; };
		768DA04E1247D8DF008D71AF /* GitBuddy.xib in Resources */ = {isa = PBXBuildFile; fileRef = 1DDD58140DA1D0A300B32029 /* GitBuddy.xib */; };
		768DA04F1247D8DF008D71AF /* Git_72x25.png in Resources */ = {isa = PBXBuildFile; fileRef = 766B541412324605008738D4 /* Git_72x25.png */; };
		768DA0501247D8DF008D71AF /* GitBuddy.icns in Resources */ = {isa = PBXBuildFile; fileRef = 766B541512324605008738D4 /* GitBuddy.icns */; };
		768DA0561247D8DF008D71AF /* wrapper.py in Resources */ = {isa = PBXBuildFile; fileRef = 766B543A12325CCD008738D4 /* wrapper.py */; };
		768DA0571247D8DF008D71AF /* UserDefaults.plist in Resources */ = {isa = PBXBuildFile; fileRef = 766B55C812328322008738D4 /* UserDefaults.plist */; };
		768DA0581247D8DF008D71AF /* GitSettingsIcon.png in Resources */ = {isa = PBXBuildFile; fileRef = 76D52667123F6AA7009094CC /* GitSettingsIcon.png */; };
		768DA0591247D8DF008D71AF /* GlobalKeysIcon.png in Resources */ = {isa = PBXBuildFile; fileRef = 76D52668123F6AA7009094CC /* GlobalKeysIcon.png */; };
		768DA05A1247D8DF008D71AF /* MonitoringIcon.png in Resources */ = {isa = PBXBuildFile; fileRef = 76D52669123F6AA7009094CC /* MonitoringIcon.png */; };
		768DA05B1247D8DF008D71AF /* UpdatesIcon.png in Resources */ = {isa = PBXBuildFile; fileRef = 76D5266A123F6AA7009094CC /* UpdatesIcon.png */; };
		768DA05D1247D8DF008D71AF /* dsa_pub.pem in Resources */ = {isa = PBXBuildFile; fileRef = 768D9FF51247D1C4008D71AF /* dsa_pub.pem */; };
		768DA05E1247D8DF008D71AF /* ReleaseNotes.html in Resources */ = {isa = PBXBuildFile; fileRef = 768D9FF71247D1CF008D71AF /* ReleaseNotes.html */; };
		768DA0601247D8DF008D71AF /* main.m in Sources */ = {isa = PBXBuildFile; fileRef = 29B97316FDCFA39411CA2CEA /* main.m */; settings = {ATTRIBUTES = (); }; };
		768DA0611247D8DF008D71AF /* GitBuddy.m in Sources */ = {isa = PBXBuildFile; fileRef = 256AC3D90F4B6AC300CF3369 /* GitBuddy.m */; };
		768DA0621247D8DF008D71AF /* GitWrapper.m in Sources */ = {isa = PBXBuildFile; fileRef = 766B543812324DA2008738D4 /* GitWrapper.m */; };
		768DA0631247D8DF008D71AF /* NSObject+SBJSON.m in Sources */ = {isa = PBXBuildFile; fileRef = 766B546A12325E43008738D4 /* NSObject+SBJSON.m */; };
		768DA0641247D8DF008D71AF /* NSString+SBJSON.m in Sources */ = {isa = PBXBuildFile; fileRef = 766B546C12325E43008738D4 /* NSString+SBJSON.m */; };
		768DA0651247D8DF008D71AF /* SBJsonBase.m in Sources */ = {isa = PBXBuildFile; fileRef = 766B546E12325E43008738D4 /* SBJsonBase.m */; };
		768DA0661247D8DF008D71AF /* SBJsonParser.m in Sources */ = {isa = PBXBuildFile; fileRef = 766B547012325E43008738D4 /* SBJsonParser.m */; };
		768DA0671247D8DF008D71AF /* SBJsonWriter.m in Sources */ = {isa = PBXBuildFile; fileRef = 766B547212325E43008738D4 /* SBJsonWriter.m */; };
		768DA0681247D8DF008D71AF /* ProjectBuddy.m in Sources */ = {isa = PBXBuildFile; fileRef = 766B57CC1232BFD6008738D4 /* ProjectBuddy.m */; };
		768DA06A1247D8DF008D71AF /* GitWrapperCommand.m in Sources */ = {isa = PBXBuildFile; fileRef = 76FADB6F1235596F0075EAC0 /* GitWrapperCommand.m */; };
		768DA06B1247D8DF008D71AF /* ProjectSubMenu.m in Sources */ = {isa = PBXBuildFile; fileRef = 765C8F97123697AD00FCFF42 /* ProjectSubMenu.m */; };
		768DA06C1247D8DF008D71AF /* ProjectFilesSource.m in Sources */ = {isa = PBXBuildFile; fileRef = 76FC45CE1236D67600C314A0 /* ProjectFilesSource.m */; };
		768DA06D1247D8DF008D71AF /* FilesStager.m in Sources */ = {isa = PBXBuildFile; fileRef = 76FC45F11236E74700C314A0 /* FilesStager.m */; };
		768DA06E1247D8DF008D71AF /* DiffViewSource.m in Sources */ = {isa = PBXBuildFile; fileRef = 767E35181237CD2A009AB7D6 /* DiffViewSource.m */; };
		768DA06F1247D8DF008D71AF /* Preview.m in Sources */ = {isa = PBXBuildFile; fileRef = 769C1D4612390D1E006B127D /* Preview.m */; };
		768DA0701247D8DF008D71AF /* Highlight.m in Sources */ = {isa = PBXBuildFile; fileRef = 769C1D641239103E006B127D /* Highlight.m */; };
		768DA0711247D8DF008D71AF /* Commit.m in Sources */ = {isa = PBXBuildFile; fileRef = 769C1F2A12395774006B127D /* Commit.m */; };
		768DA0721247D8DF008D71AF /* Clone.m in Sources */ = {isa = PBXBuildFile; fileRef = 763110E3123A79D60090CBFE /* Clone.m */; };
		768DA0731247D8DF008D71AF /* MGPreferencePanel.m in Sources */ = {isa = PBXBuildFile; fileRef = 7649A7F8123E6BC300D365AF /* MGPreferencePanel.m */; };
		768DA0751247D8DF008D71AF /* Cocoa.framework in Frameworks */ = {isa = PBXBuildFile; fileRef = 1058C7A1FEA54F0111CA2CBB /* Cocoa.framework */; };
		768DA0761247D8DF008D71AF /* Carbon.framework in Frameworks */ = {isa = PBXBuildFile; fileRef = 76310F7C123A5CA60090CBFE /* Carbon.framework */; };
		768DA0781247D8DF008D71AF /* ShortcutRecorder.framework in Frameworks */ = {isa = PBXBuildFile; fileRef = 768DA02D1247D6CB008D71AF /* ShortcutRecorder.framework */; };
		768DA07A1247D8DF008D71AF /* ShortcutRecorder.framework in CopyFiles */ = {isa = PBXBuildFile; fileRef = 768DA02D1247D6CB008D71AF /* ShortcutRecorder.framework */; };
		768DA11D1247E516008D71AF /* Sparkle.framework in Frameworks */ = {isa = PBXBuildFile; fileRef = 768DA11C1247E516008D71AF /* Sparkle.framework */; };
		768DA11E1247E517008D71AF /* Sparkle.framework in Frameworks */ = {isa = PBXBuildFile; fileRef = 768DA11C1247E516008D71AF /* Sparkle.framework */; };
		768DA11F1247E52A008D71AF /* Sparkle.framework in CopyFiles */ = {isa = PBXBuildFile; fileRef = 768DA11C1247E516008D71AF /* Sparkle.framework */; };
		768DA1201247E52E008D71AF /* Sparkle.framework in CopyFiles */ = {isa = PBXBuildFile; fileRef = 768DA11C1247E516008D71AF /* Sparkle.framework */; };
		769C1D4712390D1E006B127D /* Preview.m in Sources */ = {isa = PBXBuildFile; fileRef = 769C1D4612390D1E006B127D /* Preview.m */; };
		769C1D651239103E006B127D /* Highlight.m in Sources */ = {isa = PBXBuildFile; fileRef = 769C1D641239103E006B127D /* Highlight.m */; };
		769C1F2B12395774006B127D /* Commit.m in Sources */ = {isa = PBXBuildFile; fileRef = 769C1F2A12395774006B127D /* Commit.m */; };
		769EB1CD125610E3000B7CE7 /* Growl.framework in Frameworks */ = {isa = PBXBuildFile; fileRef = 769EB1CC125610E3000B7CE7 /* Growl.framework */; };
		769EB1CE125610E3000B7CE7 /* Growl.framework in Frameworks */ = {isa = PBXBuildFile; fileRef = 769EB1CC125610E3000B7CE7 /* Growl.framework */; };
		769EB1FF125614F3000B7CE7 /* Growl.framework in CopyFiles */ = {isa = PBXBuildFile; fileRef = 769EB1CC125610E3000B7CE7 /* Growl.framework */; };
		769EB2051256150C000B7CE7 /* Growl.framework in CopyFiles */ = {isa = PBXBuildFile; fileRef = 769EB1CC125610E3000B7CE7 /* Growl.framework */; };
		76A5F3DB124DFAE60095280F /* AnimatedStatus.m in Sources */ = {isa = PBXBuildFile; fileRef = 76A5F3DA124DFAE60095280F /* AnimatedStatus.m */; };
		76A5F3DC124DFAE60095280F /* AnimatedStatus.m in Sources */ = {isa = PBXBuildFile; fileRef = 76A5F3DA124DFAE60095280F /* AnimatedStatus.m */; };
		76A5F3EE124DFD500095280F /* GitBuddy16Progress1.png in Resources */ = {isa = PBXBuildFile; fileRef = 76A5F3EB124DFD500095280F /* GitBuddy16Progress1.png */; };
		76A5F3EF124DFD500095280F /* GitBuddy16Progress2.png in Resources */ = {isa = PBXBuildFile; fileRef = 76A5F3EC124DFD500095280F /* GitBuddy16Progress2.png */; };
		76A5F3F0124DFD500095280F /* GitBuddy16Progress3.png in Resources */ = {isa = PBXBuildFile; fileRef = 76A5F3ED124DFD500095280F /* GitBuddy16Progress3.png */; };
		76A5F3F1124DFD500095280F /* GitBuddy16Progress1.png in Resources */ = {isa = PBXBuildFile; fileRef = 76A5F3EB124DFD500095280F /* GitBuddy16Progress1.png */; };
		76A5F3F2124DFD500095280F /* GitBuddy16Progress2.png in Resources */ = {isa = PBXBuildFile; fileRef = 76A5F3EC124DFD500095280F /* GitBuddy16Progress2.png */; };
		76A5F3F3124DFD500095280F /* GitBuddy16Progress3.png in Resources */ = {isa = PBXBuildFile; fileRef = 76A5F3ED124DFD500095280F /* GitBuddy16Progress3.png */; };
		76D5266B123F6AA7009094CC /* GitSettingsIcon.png in Resources */ = {isa = PBXBuildFile; fileRef = 76D52667123F6AA7009094CC /* GitSettingsIcon.png */; };
		76D5266C123F6AA7009094CC /* GlobalKeysIcon.png in Resources */ = {isa = PBXBuildFile; fileRef = 76D52668123F6AA7009094CC /* GlobalKeysIcon.png */; };
		76D5266D123F6AA7009094CC /* MonitoringIcon.png in Resources */ = {isa = PBXBuildFile; fileRef = 76D52669123F6AA7009094CC /* MonitoringIcon.png */; };
		76D5266E123F6AA7009094CC /* UpdatesIcon.png in Resources */ = {isa = PBXBuildFile; fileRef = 76D5266A123F6AA7009094CC /* UpdatesIcon.png */; };
		76D8FAF6124A9475008A2296 /* GitBuddy16.png in Resources */ = {isa = PBXBuildFile; fileRef = 76D8FAF4124A9475008A2296 /* GitBuddy16.png */; };
		76D8FAF7124A9475008A2296 /* GitBuddy16Red.png in Resources */ = {isa = PBXBuildFile; fileRef = 76D8FAF5124A9475008A2296 /* GitBuddy16Red.png */; };
		76D8FAF8124A9475008A2296 /* GitBuddy16.png in Resources */ = {isa = PBXBuildFile; fileRef = 76D8FAF4124A9475008A2296 /* GitBuddy16.png */; };
		76D8FAF9124A9475008A2296 /* GitBuddy16Red.png in Resources */ = {isa = PBXBuildFile; fileRef = 76D8FAF5124A9475008A2296 /* GitBuddy16Red.png */; };
		76D8FB01124A9794008A2296 /* GitBuddy.png in Resources */ = {isa = PBXBuildFile; fileRef = 76D8FB00124A9794008A2296 /* GitBuddy.png */; };
		76D8FB02124A9794008A2296 /* GitBuddy.png in Resources */ = {isa = PBXBuildFile; fileRef = 76D8FB00124A9794008A2296 /* GitBuddy.png */; };
		76FADB701235596F0075EAC0 /* GitWrapperCommand.m in Sources */ = {isa = PBXBuildFile; fileRef = 76FADB6F1235596F0075EAC0 /* GitWrapperCommand.m */; };
		76FC45CF1236D67600C314A0 /* ProjectFilesSource.m in Sources */ = {isa = PBXBuildFile; fileRef = 76FC45CE1236D67600C314A0 /* ProjectFilesSource.m */; };
		76FC45F21236E74700C314A0 /* FilesStager.m in Sources */ = {isa = PBXBuildFile; fileRef = 76FC45F11236E74700C314A0 /* FilesStager.m */; };
		8D11072B0486CEB800E47090 /* InfoPlist.strings in Resources */ = {isa = PBXBuildFile; fileRef = 089C165CFE840E0CC02AAC07 /* InfoPlist.strings */; };
		8D11072D0486CEB800E47090 /* main.m in Sources */ = {isa = PBXBuildFile; fileRef = 29B97316FDCFA39411CA2CEA /* main.m */; settings = {ATTRIBUTES = (); }; };
		8D11072F0486CEB800E47090 /* Cocoa.framework in Frameworks */ = {isa = PBXBuildFile; fileRef = 1058C7A1FEA54F0111CA2CBB /* Cocoa.framework */; };
/* End PBXBuildFile section */

/* Begin PBXCopyFilesBuildPhase section */
		766B545712325D5A008738D4 /* CopyFiles */ = {
			isa = PBXCopyFilesBuildPhase;
			buildActionMask = 2147483647;
			dstPath = "";
			dstSubfolderSpec = 10;
			files = (
				769EB1FF125614F3000B7CE7 /* Growl.framework in CopyFiles */,
				768DA11F1247E52A008D71AF /* Sparkle.framework in CopyFiles */,
				768DA0391247D6CF008D71AF /* ShortcutRecorder.framework in CopyFiles */,
			);
			runOnlyForDeploymentPostprocessing = 0;
		};
		768DA0791247D8DF008D71AF /* CopyFiles */ = {
			isa = PBXCopyFilesBuildPhase;
			buildActionMask = 2147483647;
			dstPath = "";
			dstSubfolderSpec = 10;
			files = (
				769EB2051256150C000B7CE7 /* Growl.framework in CopyFiles */,
				768DA1201247E52E008D71AF /* Sparkle.framework in CopyFiles */,
				768DA07A1247D8DF008D71AF /* ShortcutRecorder.framework in CopyFiles */,
			);
			runOnlyForDeploymentPostprocessing = 0;
		};
/* End PBXCopyFilesBuildPhase section */

/* Begin PBXFileReference section */
		089C165DFE840E0CC02AAC07 /* English */ = {isa = PBXFileReference; fileEncoding = 4; lastKnownFileType = text.plist.strings; name = English; path = English.lproj/InfoPlist.strings; sourceTree = "<group>"; };
		1058C7A1FEA54F0111CA2CBB /* Cocoa.framework */ = {isa = PBXFileReference; lastKnownFileType = wrapper.framework; name = Cocoa.framework; path = /System/Library/Frameworks/Cocoa.framework; sourceTree = "<absolute>"; };
		13E42FB307B3F0F600E4EEF1 /* CoreData.framework */ = {isa = PBXFileReference; lastKnownFileType = wrapper.framework; name = CoreData.framework; path = /System/Library/Frameworks/CoreData.framework; sourceTree = "<absolute>"; };
		1DDD58150DA1D0A300B32029 /* English */ = {isa = PBXFileReference; lastKnownFileType = file.xib; name = English; path = English.lproj/GitBuddy.xib; sourceTree = "<group>"; };
		256AC3D80F4B6AC300CF3369 /* GitBuddy.h */ = {isa = PBXFileReference; fileEncoding = 4; lastKnownFileType = sourcecode.c.h; path = GitBuddy.h; sourceTree = "<group>"; };
		256AC3D90F4B6AC300CF3369 /* GitBuddy.m */ = {isa = PBXFileReference; fileEncoding = 4; lastKnownFileType = sourcecode.c.objc; path = GitBuddy.m; sourceTree = "<group>"; };
		256AC3F00F4B6AF500CF3369 /* GitBuddy_Prefix.pch */ = {isa = PBXFileReference; fileEncoding = 4; lastKnownFileType = sourcecode.c.h; path = GitBuddy_Prefix.pch; sourceTree = "<group>"; };
		29B97316FDCFA39411CA2CEA /* main.m */ = {isa = PBXFileReference; fileEncoding = 4; lastKnownFileType = sourcecode.c.objc; path = main.m; sourceTree = "<group>"; };
		29B97324FDCFA39411CA2CEA /* AppKit.framework */ = {isa = PBXFileReference; lastKnownFileType = wrapper.framework; name = AppKit.framework; path = /System/Library/Frameworks/AppKit.framework; sourceTree = "<absolute>"; };
		29B97325FDCFA39411CA2CEA /* Foundation.framework */ = {isa = PBXFileReference; lastKnownFileType = wrapper.framework; name = Foundation.framework; path = /System/Library/Frameworks/Foundation.framework; sourceTree = "<absolute>"; };
		76310F7C123A5CA60090CBFE /* Carbon.framework */ = {isa = PBXFileReference; lastKnownFileType = wrapper.framework; name = Carbon.framework; path = System/Library/Frameworks/Carbon.framework; sourceTree = SDKROOT; };
		763110E2123A79D60090CBFE /* Clone.h */ = {isa = PBXFileReference; fileEncoding = 4; lastKnownFileType = sourcecode.c.h; path = Clone.h; sourceTree = "<group>"; };
		763110E3123A79D60090CBFE /* Clone.m */ = {isa = PBXFileReference; fileEncoding = 4; lastKnownFileType = sourcecode.c.objc; path = Clone.m; sourceTree = "<group>"; };
		763D51A7125344500062039A /* RepositoryTracker.h */ = {isa = PBXFileReference; fileEncoding = 4; lastKnownFileType = sourcecode.c.h; path = RepositoryTracker.h; sourceTree = "<group>"; };
		763D51A8125344500062039A /* RepositoryTracker.m */ = {isa = PBXFileReference; fileEncoding = 4; lastKnownFileType = sourcecode.c.objc; path = RepositoryTracker.m; sourceTree = "<group>"; };
		763D51FC125370CD0062039A /* NotificationsIcon.png */ = {isa = PBXFileReference; lastKnownFileType = image.png; name = NotificationsIcon.png; path = Images/Preferences/NotificationsIcon.png; sourceTree = "<group>"; };
		7649A7F7123E6BC300D365AF /* MGPreferencePanel.h */ = {isa = PBXFileReference; fileEncoding = 4; lastKnownFileType = sourcecode.c.h; path = MGPreferencePanel.h; sourceTree = "<group>"; };
		7649A7F8123E6BC300D365AF /* MGPreferencePanel.m */ = {isa = PBXFileReference; fileEncoding = 4; lastKnownFileType = sourcecode.c.objc; path = MGPreferencePanel.m; sourceTree = "<group>"; };
		765C8F96123697AD00FCFF42 /* ProjectSubMenu.h */ = {isa = PBXFileReference; fileEncoding = 4; lastKnownFileType = sourcecode.c.h; path = ProjectSubMenu.h; sourceTree = "<group>"; };
		765C8F97123697AD00FCFF42 /* ProjectSubMenu.m */ = {isa = PBXFileReference; fileEncoding = 4; lastKnownFileType = sourcecode.c.objc; path = ProjectSubMenu.m; sourceTree = "<group>"; };
		766B541412324605008738D4 /* Git_72x25.png */ = {isa = PBXFileReference; lastKnownFileType = image.png; name = Git_72x25.png; path = Images/Git_72x25.png; sourceTree = "<group>"; };
		766B541512324605008738D4 /* GitBuddy.icns */ = {isa = PBXFileReference; lastKnownFileType = image.icns; name = GitBuddy.icns; path = Images/GitBuddy.icns; sourceTree = "<group>"; };
		766B543712324DA2008738D4 /* GitWrapper.h */ = {isa = PBXFileReference; fileEncoding = 4; lastKnownFileType = sourcecode.c.h; path = GitWrapper.h; sourceTree = "<group>"; };
		766B543812324DA2008738D4 /* GitWrapper.m */ = {isa = PBXFileReference; fileEncoding = 4; lastKnownFileType = sourcecode.c.objc; path = GitWrapper.m; sourceTree = "<group>"; };
		766B543A12325CCD008738D4 /* wrapper.py */ = {isa = PBXFileReference; fileEncoding = 4; lastKnownFileType = text.script.python; path = wrapper.py; sourceTree = "<group>"; };
		766B546812325E43008738D4 /* JSON.h */ = {isa = PBXFileReference; fileEncoding = 4; lastKnownFileType = sourcecode.c.h; path = JSON.h; sourceTree = "<group>"; };
		766B546912325E43008738D4 /* NSObject+SBJSON.h */ = {isa = PBXFileReference; fileEncoding = 4; lastKnownFileType = sourcecode.c.h; path = "NSObject+SBJSON.h"; sourceTree = "<group>"; };
		766B546A12325E43008738D4 /* NSObject+SBJSON.m */ = {isa = PBXFileReference; fileEncoding = 4; lastKnownFileType = sourcecode.c.objc; path = "NSObject+SBJSON.m"; sourceTree = "<group>"; };
		766B546B12325E43008738D4 /* NSString+SBJSON.h */ = {isa = PBXFileReference; fileEncoding = 4; lastKnownFileType = sourcecode.c.h; path = "NSString+SBJSON.h"; sourceTree = "<group>"; };
		766B546C12325E43008738D4 /* NSString+SBJSON.m */ = {isa = PBXFileReference; fileEncoding = 4; lastKnownFileType = sourcecode.c.objc; path = "NSString+SBJSON.m"; sourceTree = "<group>"; };
		766B546D12325E43008738D4 /* SBJsonBase.h */ = {isa = PBXFileReference; fileEncoding = 4; lastKnownFileType = sourcecode.c.h; path = SBJsonBase.h; sourceTree = "<group>"; };
		766B546E12325E43008738D4 /* SBJsonBase.m */ = {isa = PBXFileReference; fileEncoding = 4; lastKnownFileType = sourcecode.c.objc; path = SBJsonBase.m; sourceTree = "<group>"; };
		766B546F12325E43008738D4 /* SBJsonParser.h */ = {isa = PBXFileReference; fileEncoding = 4; lastKnownFileType = sourcecode.c.h; path = SBJsonParser.h; sourceTree = "<group>"; };
		766B547012325E43008738D4 /* SBJsonParser.m */ = {isa = PBXFileReference; fileEncoding = 4; lastKnownFileType = sourcecode.c.objc; path = SBJsonParser.m; sourceTree = "<group>"; };
		766B547112325E43008738D4 /* SBJsonWriter.h */ = {isa = PBXFileReference; fileEncoding = 4; lastKnownFileType = sourcecode.c.h; path = SBJsonWriter.h; sourceTree = "<group>"; };
		766B547212325E43008738D4 /* SBJsonWriter.m */ = {isa = PBXFileReference; fileEncoding = 4; lastKnownFileType = sourcecode.c.objc; path = SBJsonWriter.m; sourceTree = "<group>"; };
		766B55C812328322008738D4 /* UserDefaults.plist */ = {isa = PBXFileReference; fileEncoding = 4; lastKnownFileType = text.plist.xml; path = UserDefaults.plist; sourceTree = "<group>"; };
		766B57CB1232BFD6008738D4 /* ProjectBuddy.h */ = {isa = PBXFileReference; fileEncoding = 4; lastKnownFileType = sourcecode.c.h; path = ProjectBuddy.h; sourceTree = "<group>"; };
		766B57CC1232BFD6008738D4 /* ProjectBuddy.m */ = {isa = PBXFileReference; fileEncoding = 4; lastKnownFileType = sourcecode.c.objc; path = ProjectBuddy.m; sourceTree = "<group>"; };
		767C980F124A4AB10037B0F9 /* CommitsSource.h */ = {isa = PBXFileReference; fileEncoding = 4; lastKnownFileType = sourcecode.c.h; path = CommitsSource.h; sourceTree = "<group>"; };
		767C9810124A4AB10037B0F9 /* CommitsSource.m */ = {isa = PBXFileReference; fileEncoding = 4; lastKnownFileType = sourcecode.c.objc; path = CommitsSource.m; sourceTree = "<group>"; };
		767C985D124A50640037B0F9 /* CommitsLog.h */ = {isa = PBXFileReference; fileEncoding = 4; lastKnownFileType = sourcecode.c.h; path = CommitsLog.h; sourceTree = "<group>"; };
		767C985E124A50640037B0F9 /* CommitsLog.m */ = {isa = PBXFileReference; fileEncoding = 4; lastKnownFileType = sourcecode.c.objc; path = CommitsLog.m; sourceTree = "<group>"; };
		767E35171237CD2A009AB7D6 /* DiffViewSource.h */ = {isa = PBXFileReference; fileEncoding = 4; lastKnownFileType = sourcecode.c.h; path = DiffViewSource.h; sourceTree = "<group>"; };
		767E35181237CD2A009AB7D6 /* DiffViewSource.m */ = {isa = PBXFileReference; fileEncoding = 4; lastKnownFileType = sourcecode.c.objc; path = DiffViewSource.m; sourceTree = "<group>"; };
		768D9FF51247D1C4008D71AF /* dsa_pub.pem */ = {isa = PBXFileReference; fileEncoding = 4; lastKnownFileType = text; path = dsa_pub.pem; sourceTree = "<group>"; };
		768D9FF71247D1CF008D71AF /* ReleaseNotes.html */ = {isa = PBXFileReference; fileEncoding = 4; lastKnownFileType = text.html; path = ReleaseNotes.html; sourceTree = "<group>"; };
		768DA02D1247D6CB008D71AF /* ShortcutRecorder.framework */ = {isa = PBXFileReference; lastKnownFileType = wrapper.framework; path = ShortcutRecorder.framework; sourceTree = "<group>"; };
		768DA0801247D8DF008D71AF /* GitBuddy.app */ = {isa = PBXFileReference; explicitFileType = wrapper.application; includeInIndex = 0; path = GitBuddy.app; sourceTree = BUILT_PRODUCTS_DIR; };
		768DA11C1247E516008D71AF /* Sparkle.framework */ = {isa = PBXFileReference; lastKnownFileType = wrapper.framework; path = Sparkle.framework; sourceTree = "<group>"; };
		769C1D4512390D1E006B127D /* Preview.h */ = {isa = PBXFileReference; fileEncoding = 4; lastKnownFileType = sourcecode.c.h; path = Preview.h; sourceTree = "<group>"; };
		769C1D4612390D1E006B127D /* Preview.m */ = {isa = PBXFileReference; fileEncoding = 4; lastKnownFileType = sourcecode.c.objc; path = Preview.m; sourceTree = "<group>"; };
		769C1D631239103E006B127D /* Highlight.h */ = {isa = PBXFileReference; fileEncoding = 4; lastKnownFileType = sourcecode.c.h; path = Highlight.h; sourceTree = "<group>"; };
		769C1D641239103E006B127D /* Highlight.m */ = {isa = PBXFileReference; fileEncoding = 4; lastKnownFileType = sourcecode.c.objc; path = Highlight.m; sourceTree = "<group>"; };
		769C1F2912395774006B127D /* Commit.h */ = {isa = PBXFileReference; fileEncoding = 4; lastKnownFileType = sourcecode.c.h; path = Commit.h; sourceTree = "<group>"; };
		769C1F2A12395774006B127D /* Commit.m */ = {isa = PBXFileReference; fileEncoding = 4; lastKnownFileType = sourcecode.c.objc; path = Commit.m; sourceTree = "<group>"; };
		769EB1CC125610E3000B7CE7 /* Growl.framework */ = {isa = PBXFileReference; lastKnownFileType = wrapper.framework; path = Growl.framework; sourceTree = "<group>"; };
		76A5F3D9124DFAE60095280F /* AnimatedStatus.h */ = {isa = PBXFileReference; fileEncoding = 4; lastKnownFileType = sourcecode.c.h; path = AnimatedStatus.h; sourceTree = "<group>"; };
		76A5F3DA124DFAE60095280F /* AnimatedStatus.m */ = {isa = PBXFileReference; fileEncoding = 4; lastKnownFileType = sourcecode.c.objc; path = AnimatedStatus.m; sourceTree = "<group>"; };
		76A5F3EB124DFD500095280F /* GitBuddy16Progress1.png */ = {isa = PBXFileReference; lastKnownFileType = image.png; name = GitBuddy16Progress1.png; path = Images/GitBuddy16Progress1.png; sourceTree = "<group>"; };
		76A5F3EC124DFD500095280F /* GitBuddy16Progress2.png */ = {isa = PBXFileReference; lastKnownFileType = image.png; name = GitBuddy16Progress2.png; path = Images/GitBuddy16Progress2.png; sourceTree = "<group>"; };
		76A5F3ED124DFD500095280F /* GitBuddy16Progress3.png */ = {isa = PBXFileReference; lastKnownFileType = image.png; name = GitBuddy16Progress3.png; path = Images/GitBuddy16Progress3.png; sourceTree = "<group>"; };
		76D52667123F6AA7009094CC /* GitSettingsIcon.png */ = {isa = PBXFileReference; lastKnownFileType = image.png; name = GitSettingsIcon.png; path = Images/Preferences/GitSettingsIcon.png; sourceTree = "<group>"; };
		76D52668123F6AA7009094CC /* GlobalKeysIcon.png */ = {isa = PBXFileReference; lastKnownFileType = image.png; name = GlobalKeysIcon.png; path = Images/Preferences/GlobalKeysIcon.png; sourceTree = "<group>"; };
		76D52669123F6AA7009094CC /* MonitoringIcon.png */ = {isa = PBXFileReference; lastKnownFileType = image.png; name = MonitoringIcon.png; path = Images/Preferences/MonitoringIcon.png; sourceTree = "<group>"; };
		76D5266A123F6AA7009094CC /* UpdatesIcon.png */ = {isa = PBXFileReference; lastKnownFileType = image.png; name = UpdatesIcon.png; path = Images/Preferences/UpdatesIcon.png; sourceTree = "<group>"; };
		76D8FAF4124A9475008A2296 /* GitBuddy16.png */ = {isa = PBXFileReference; lastKnownFileType = image.png; name = GitBuddy16.png; path = Images/GitBuddy16.png; sourceTree = "<group>"; };
		76D8FAF5124A9475008A2296 /* GitBuddy16Red.png */ = {isa = PBXFileReference; lastKnownFileType = image.png; name = GitBuddy16Red.png; path = Images/GitBuddy16Red.png; sourceTree = "<group>"; };
		76D8FB00124A9794008A2296 /* GitBuddy.png */ = {isa = PBXFileReference; lastKnownFileType = image.png; name = GitBuddy.png; path = Images/GitBuddy.png; sourceTree = "<group>"; };
		76FADB6E1235596F0075EAC0 /* GitWrapperCommand.h */ = {isa = PBXFileReference; fileEncoding = 4; lastKnownFileType = sourcecode.c.h; path = GitWrapperCommand.h; sourceTree = "<group>"; };
		76FADB6F1235596F0075EAC0 /* GitWrapperCommand.m */ = {isa = PBXFileReference; fileEncoding = 4; lastKnownFileType = sourcecode.c.objc; path = GitWrapperCommand.m; sourceTree = "<group>"; };
		76FC45CD1236D67600C314A0 /* ProjectFilesSource.h */ = {isa = PBXFileReference; fileEncoding = 4; lastKnownFileType = sourcecode.c.h; path = ProjectFilesSource.h; sourceTree = "<group>"; };
		76FC45CE1236D67600C314A0 /* ProjectFilesSource.m */ = {isa = PBXFileReference; fileEncoding = 4; lastKnownFileType = sourcecode.c.objc; path = ProjectFilesSource.m; sourceTree = "<group>"; };
		76FC45F01236E74700C314A0 /* FilesStager.h */ = {isa = PBXFileReference; fileEncoding = 4; lastKnownFileType = sourcecode.c.h; path = FilesStager.h; sourceTree = "<group>"; };
		76FC45F11236E74700C314A0 /* FilesStager.m */ = {isa = PBXFileReference; fileEncoding = 4; lastKnownFileType = sourcecode.c.objc; path = FilesStager.m; sourceTree = "<group>"; };
		8D1107310486CEB800E47090 /* GitBuddy-Info.plist */ = {isa = PBXFileReference; fileEncoding = 4; lastKnownFileType = text.plist.xml; path = "GitBuddy-Info.plist"; sourceTree = "<group>"; };
		8D1107320486CEB800E47090 /* GitBuddy.app */ = {isa = PBXFileReference; explicitFileType = wrapper.application; includeInIndex = 0; path = GitBuddy.app; sourceTree = BUILT_PRODUCTS_DIR; };
/* End PBXFileReference section */

/* Begin PBXFrameworksBuildPhase section */
		768DA0741247D8DF008D71AF /* Frameworks */ = {
			isa = PBXFrameworksBuildPhase;
			buildActionMask = 2147483647;
			files = (
				768DA0751247D8DF008D71AF /* Cocoa.framework in Frameworks */,
				768DA0761247D8DF008D71AF /* Carbon.framework in Frameworks */,
				768DA0781247D8DF008D71AF /* ShortcutRecorder.framework in Frameworks */,
				768DA11E1247E517008D71AF /* Sparkle.framework in Frameworks */,
				769EB1CD125610E3000B7CE7 /* Growl.framework in Frameworks */,
			);
			runOnlyForDeploymentPostprocessing = 0;
		};
		8D11072E0486CEB800E47090 /* Frameworks */ = {
			isa = PBXFrameworksBuildPhase;
			buildActionMask = 2147483647;
			files = (
				8D11072F0486CEB800E47090 /* Cocoa.framework in Frameworks */,
				76310F7D123A5CA60090CBFE /* Carbon.framework in Frameworks */,
				768DA02E1247D6CB008D71AF /* ShortcutRecorder.framework in Frameworks */,
				768DA11D1247E516008D71AF /* Sparkle.framework in Frameworks */,
				769EB1CE125610E3000B7CE7 /* Growl.framework in Frameworks */,
			);
			runOnlyForDeploymentPostprocessing = 0;
		};
/* End PBXFrameworksBuildPhase section */

/* Begin PBXGroup section */
		080E96DDFE201D6D7F000001 /* Classes */ = {
			isa = PBXGroup;
			children = (
				7649A7F7123E6BC300D365AF /* MGPreferencePanel.h */,
				7649A7F8123E6BC300D365AF /* MGPreferencePanel.m */,
				766B546712325E43008738D4 /* JSON */,
				256AC3D80F4B6AC300CF3369 /* GitBuddy.h */,
				256AC3D90F4B6AC300CF3369 /* GitBuddy.m */,
				766B543712324DA2008738D4 /* GitWrapper.h */,
				766B543812324DA2008738D4 /* GitWrapper.m */,
				766B57CB1232BFD6008738D4 /* ProjectBuddy.h */,
				766B57CC1232BFD6008738D4 /* ProjectBuddy.m */,
				76FADB6E1235596F0075EAC0 /* GitWrapperCommand.h */,
				76FADB6F1235596F0075EAC0 /* GitWrapperCommand.m */,
				765C8F96123697AD00FCFF42 /* ProjectSubMenu.h */,
				765C8F97123697AD00FCFF42 /* ProjectSubMenu.m */,
				76FC45CD1236D67600C314A0 /* ProjectFilesSource.h */,
				76FC45CE1236D67600C314A0 /* ProjectFilesSource.m */,
				76FC45F01236E74700C314A0 /* FilesStager.h */,
				76FC45F11236E74700C314A0 /* FilesStager.m */,
				767E35171237CD2A009AB7D6 /* DiffViewSource.h */,
				767E35181237CD2A009AB7D6 /* DiffViewSource.m */,
				769C1D4512390D1E006B127D /* Preview.h */,
				769C1D4612390D1E006B127D /* Preview.m */,
				769C1D631239103E006B127D /* Highlight.h */,
				769C1D641239103E006B127D /* Highlight.m */,
				769C1F2912395774006B127D /* Commit.h */,
				769C1F2A12395774006B127D /* Commit.m */,
				763110E2123A79D60090CBFE /* Clone.h */,
				763110E3123A79D60090CBFE /* Clone.m */,
				767C980F124A4AB10037B0F9 /* CommitsSource.h */,
				767C9810124A4AB10037B0F9 /* CommitsSource.m */,
				767C985D124A50640037B0F9 /* CommitsLog.h */,
				767C985E124A50640037B0F9 /* CommitsLog.m */,
				76A5F3D9124DFAE60095280F /* AnimatedStatus.h */,
				76A5F3DA124DFAE60095280F /* AnimatedStatus.m */,
				763D51A7125344500062039A /* RepositoryTracker.h */,
				763D51A8125344500062039A /* RepositoryTracker.m */,
			);
			name = Classes;
			sourceTree = "<group>";
		};
		1058C7A0FEA54F0111CA2CBB /* Linked Frameworks */ = {
			isa = PBXGroup;
			children = (
				769EB1CC125610E3000B7CE7 /* Growl.framework */,
				768DA11C1247E516008D71AF /* Sparkle.framework */,
				768DA02D1247D6CB008D71AF /* ShortcutRecorder.framework */,
				76310F7C123A5CA60090CBFE /* Carbon.framework */,
				1058C7A1FEA54F0111CA2CBB /* Cocoa.framework */,
			);
			name = "Linked Frameworks";
			sourceTree = "<group>";
		};
		1058C7A2FEA54F0111CA2CBB /* Other Frameworks */ = {
			isa = PBXGroup;
			children = (
				29B97324FDCFA39411CA2CEA /* AppKit.framework */,
				13E42FB307B3F0F600E4EEF1 /* CoreData.framework */,
				29B97325FDCFA39411CA2CEA /* Foundation.framework */,
			);
			name = "Other Frameworks";
			sourceTree = "<group>";
		};
		19C28FACFE9D520D11CA2CBB /* Products */ = {
			isa = PBXGroup;
			children = (
				8D1107320486CEB800E47090 /* GitBuddy.app */,
				768DA0801247D8DF008D71AF /* GitBuddy.app */,
			);
			name = Products;
			sourceTree = "<group>";
		};
		29B97314FDCFA39411CA2CEA /* GitBuddy */ = {
			isa = PBXGroup;
			children = (
				080E96DDFE201D6D7F000001 /* Classes */,
				29B97315FDCFA39411CA2CEA /* Other Sources */,
				29B97317FDCFA39411CA2CEA /* Resources */,
				29B97323FDCFA39411CA2CEA /* Frameworks */,
				19C28FACFE9D520D11CA2CBB /* Products */,
			);
			name = GitBuddy;
			sourceTree = "<group>";
		};
		29B97315FDCFA39411CA2CEA /* Other Sources */ = {
			isa = PBXGroup;
			children = (
				256AC3F00F4B6AF500CF3369 /* GitBuddy_Prefix.pch */,
				29B97316FDCFA39411CA2CEA /* main.m */,
			);
			name = "Other Sources";
			sourceTree = "<group>";
		};
		29B97317FDCFA39411CA2CEA /* Resources */ = {
			isa = PBXGroup;
			children = (
				768D9FF71247D1CF008D71AF /* ReleaseNotes.html */,
				768D9FF51247D1C4008D71AF /* dsa_pub.pem */,
				766B543A12325CCD008738D4 /* wrapper.py */,
				766B5413123245F8008738D4 /* Images */,
				8D1107310486CEB800E47090 /* GitBuddy-Info.plist */,
				089C165CFE840E0CC02AAC07 /* InfoPlist.strings */,
				1DDD58140DA1D0A300B32029 /* GitBuddy.xib */,
				766B55C812328322008738D4 /* UserDefaults.plist */,
			);
			name = Resources;
			sourceTree = "<group>";
		};
		29B97323FDCFA39411CA2CEA /* Frameworks */ = {
			isa = PBXGroup;
			children = (
				1058C7A0FEA54F0111CA2CBB /* Linked Frameworks */,
				1058C7A2FEA54F0111CA2CBB /* Other Frameworks */,
			);
			name = Frameworks;
			sourceTree = "<group>";
		};
		766B5413123245F8008738D4 /* Images */ = {
			isa = PBXGroup;
			children = (
				76A5F3EB124DFD500095280F /* GitBuddy16Progress1.png */,
				76A5F3EC124DFD500095280F /* GitBuddy16Progress2.png */,
				76A5F3ED124DFD500095280F /* GitBuddy16Progress3.png */,
				76D8FB00124A9794008A2296 /* GitBuddy.png */,
				76D8FAF4124A9475008A2296 /* GitBuddy16.png */,
				76D8FAF5124A9475008A2296 /* GitBuddy16Red.png */,
				76D52666123F6A95009094CC /* Preferences */,
				766B541412324605008738D4 /* Git_72x25.png */,
				766B541512324605008738D4 /* GitBuddy.icns */,
			);
			name = Images;
			sourceTree = "<group>";
		};
		766B546712325E43008738D4 /* JSON */ = {
			isa = PBXGroup;
			children = (
				766B546812325E43008738D4 /* JSON.h */,
				766B546912325E43008738D4 /* NSObject+SBJSON.h */,
				766B546A12325E43008738D4 /* NSObject+SBJSON.m */,
				766B546B12325E43008738D4 /* NSString+SBJSON.h */,
				766B546C12325E43008738D4 /* NSString+SBJSON.m */,
				766B546D12325E43008738D4 /* SBJsonBase.h */,
				766B546E12325E43008738D4 /* SBJsonBase.m */,
				766B546F12325E43008738D4 /* SBJsonParser.h */,
				766B547012325E43008738D4 /* SBJsonParser.m */,
				766B547112325E43008738D4 /* SBJsonWriter.h */,
				766B547212325E43008738D4 /* SBJsonWriter.m */,
			);
			path = JSON;
			sourceTree = "<group>";
		};
		76D52666123F6A95009094CC /* Preferences */ = {
			isa = PBXGroup;
			children = (
				763D51FC125370CD0062039A /* NotificationsIcon.png */,
				76D52667123F6AA7009094CC /* GitSettingsIcon.png */,
				76D52668123F6AA7009094CC /* GlobalKeysIcon.png */,
				76D52669123F6AA7009094CC /* MonitoringIcon.png */,
				76D5266A123F6AA7009094CC /* UpdatesIcon.png */,
			);
			name = Preferences;
			sourceTree = "<group>";
		};
/* End PBXGroup section */

/* Begin PBXNativeTarget section */
		768DA04B1247D8DF008D71AF /* GitBuddy */ = {
			isa = PBXNativeTarget;
			buildConfigurationList = 768DA07D1247D8DF008D71AF /* Build configuration list for PBXNativeTarget "GitBuddy" */;
			buildPhases = (
				768DA04C1247D8DF008D71AF /* Resources */,
				768DA05F1247D8DF008D71AF /* Sources */,
				768DA0741247D8DF008D71AF /* Frameworks */,
				768DA0791247D8DF008D71AF /* CopyFiles */,
			);
			buildRules = (
			);
			dependencies = (
			);
			name = GitBuddy;
			productInstallPath = "$(HOME)/Applications";
			productName = GitBuddy;
			productReference = 768DA0801247D8DF008D71AF /* GitBuddy.app */;
			productType = "com.apple.product-type.application";
		};
		8D1107260486CEB800E47090 /* GitBuddy Release */ = {
			isa = PBXNativeTarget;
			buildConfigurationList = C01FCF4A08A954540054247B /* Build configuration list for PBXNativeTarget "GitBuddy Release" */;
			buildPhases = (
				8D1107290486CEB800E47090 /* Resources */,
				8D11072C0486CEB800E47090 /* Sources */,
				8D11072E0486CEB800E47090 /* Frameworks */,
				766B545712325D5A008738D4 /* CopyFiles */,
				768DA0191247D4B0008D71AF /* ShellScript */,
			);
			buildRules = (
			);
			dependencies = (
			);
			name = "GitBuddy Release";
			productInstallPath = "$(HOME)/Applications";
			productName = GitBuddy;
			productReference = 8D1107320486CEB800E47090 /* GitBuddy.app */;
			productType = "com.apple.product-type.application";
		};
/* End PBXNativeTarget section */

/* Begin PBXProject section */
		29B97313FDCFA39411CA2CEA /* Project object */ = {
			isa = PBXProject;
			buildConfigurationList = C01FCF4E08A954540054247B /* Build configuration list for PBXProject "GitBuddy" */;
			compatibilityVersion = "Xcode 3.1";
			hasScannedForEncodings = 1;
			mainGroup = 29B97314FDCFA39411CA2CEA /* GitBuddy */;
			projectDirPath = "";
			projectRoot = "";
			targets = (
				8D1107260486CEB800E47090 /* GitBuddy Release */,
				768DA04B1247D8DF008D71AF /* GitBuddy */,
			);
		};
/* End PBXProject section */

/* Begin PBXResourcesBuildPhase section */
		768DA04C1247D8DF008D71AF /* Resources */ = {
			isa = PBXResourcesBuildPhase;
			buildActionMask = 2147483647;
			files = (
				768DA04D1247D8DF008D71AF /* InfoPlist.strings in Resources */,
				768DA04E1247D8DF008D71AF /* GitBuddy.xib in Resources */,
				768DA04F1247D8DF008D71AF /* Git_72x25.png in Resources */,
				768DA0501247D8DF008D71AF /* GitBuddy.icns in Resources */,
				768DA0561247D8DF008D71AF /* wrapper.py in Resources */,
				768DA0571247D8DF008D71AF /* UserDefaults.plist in Resources */,
				768DA0581247D8DF008D71AF /* GitSettingsIcon.png in Resources */,
				768DA0591247D8DF008D71AF /* GlobalKeysIcon.png in Resources */,
				768DA05A1247D8DF008D71AF /* MonitoringIcon.png in Resources */,
				768DA05B1247D8DF008D71AF /* UpdatesIcon.png in Resources */,
				768DA05D1247D8DF008D71AF /* dsa_pub.pem in Resources */,
				768DA05E1247D8DF008D71AF /* ReleaseNotes.html in Resources */,
				76D8FAF6124A9475008A2296 /* GitBuddy16.png in Resources */,
				76D8FAF7124A9475008A2296 /* GitBuddy16Red.png in Resources */,
				76D8FB01124A9794008A2296 /* GitBuddy.png in Resources */,
				76A5F3EE124DFD500095280F /* GitBuddy16Progress1.png in Resources */,
				76A5F3EF124DFD500095280F /* GitBuddy16Progress2.png in Resources */,
				76A5F3F0124DFD500095280F /* GitBuddy16Progress3.png in Resources */,
				763D51FD125370CD0062039A /* NotificationsIcon.png in Resources */,
			);
			runOnlyForDeploymentPostprocessing = 0;
		};
		8D1107290486CEB800E47090 /* Resources */ = {
			isa = PBXResourcesBuildPhase;
			buildActionMask = 2147483647;
			files = (
				8D11072B0486CEB800E47090 /* InfoPlist.strings in Resources */,
				1DDD58160DA1D0A300B32029 /* GitBuddy.xib in Resources */,
				766B541A12324605008738D4 /* Git_72x25.png in Resources */,
				766B541B12324605008738D4 /* GitBuddy.icns in Resources */,
				766B543B12325CCD008738D4 /* wrapper.py in Resources */,
				766B55C912328322008738D4 /* UserDefaults.plist in Resources */,
				76D5266B123F6AA7009094CC /* GitSettingsIcon.png in Resources */,
				76D5266C123F6AA7009094CC /* GlobalKeysIcon.png in Resources */,
				76D5266D123F6AA7009094CC /* MonitoringIcon.png in Resources */,
				76D5266E123F6AA7009094CC /* UpdatesIcon.png in Resources */,
				768D9FF61247D1C4008D71AF /* dsa_pub.pem in Resources */,
				768D9FF81247D1CF008D71AF /* ReleaseNotes.html in Resources */,
				76D8FAF8124A9475008A2296 /* GitBuddy16.png in Resources */,
				76D8FAF9124A9475008A2296 /* GitBuddy16Red.png in Resources */,
				76D8FB02124A9794008A2296 /* GitBuddy.png in Resources */,
				76A5F3F1124DFD500095280F /* GitBuddy16Progress1.png in Resources */,
				76A5F3F2124DFD500095280F /* GitBuddy16Progress2.png in Resources */,
				76A5F3F3124DFD500095280F /* GitBuddy16Progress3.png in Resources */,
				763D51FE125370CD0062039A /* NotificationsIcon.png in Resources */,
			);
			runOnlyForDeploymentPostprocessing = 0;
		};
/* End PBXResourcesBuildPhase section */

/* Begin PBXShellScriptBuildPhase section */
		768DA0191247D4B0008D71AF /* ShellScript */ = {
			isa = PBXShellScriptBuildPhase;
			buildActionMask = 2147483647;
			files = (
			);
			inputPaths = (
			);
			outputPaths = (
			);
			runOnlyForDeploymentPostprocessing = 0;
			shellPath = /bin/bash;
			shellScript = "set -o errexit\n\n[ $BUILD_STYLE = Release ] || { echo Distribution target requires \"'Release'\" build style; false; }\n\nRELEASE=$(defaults read \"$BUILT_PRODUCTS_DIR/$PROJECT_NAME.app/Contents/Info\" CFBundleVersion)\nVERSION=$(defaults read \"$BUILT_PRODUCTS_DIR/$PROJECT_NAME.app/Contents/Info\" CFBundleShortVersionString)\nDOWNLOAD_BASE_URL=\"http://www.endlessinsomnia.com/download/GitBuddy\"\nRELEASENOTES_URL=\"http://www.endlessinsomnia.com/download/GitBuddy/ReleaseNotes.html#version-$RELEASE\"\n\nARCHIVE_FILENAME=\"$PROJECT_NAME $VERSION.zip\"\nDOWNLOAD_URL=\"$DOWNLOAD_BASE_URL/$ARCHIVE_FILENAME\"\nKEYCHAIN_PRIVKEY_NAME=\"GitBuddy Private Key\"\n\nWD=$PWD\ncd \"$BUILT_PRODUCTS_DIR\"\nrm -f \"$PROJECT_NAME\"*.zip\nditto -ck --keepParent \"$PROJECT_NAME.app\" \"$ARCHIVE_FILENAME\"\n\nSIZE=$(stat -f %z \"$ARCHIVE_FILENAME\")\nPUBDATE=$(LC_TIME=en_US date +\"%a, %d %b %G %T %z\")\nSIGNATURE=$(\n\topenssl dgst -sha1 -binary < \"$ARCHIVE_FILENAME\" \\\n\t| openssl dgst -dss1 -sign <(security find-generic-password -g -s \"$KEYCHAIN_PRIVKEY_NAME\" 2>&1 1>/dev/null | perl -pe '($_) = /\"(.+)\"/; s/\\\\012/\\n/g') \\\n\t| openssl enc -base64\n)\n\nSIGNATURE=$(\n\topenssl dgst -sha1 -binary < \"$ARCHIVE_FILENAME\" \\\n\t| openssl dgst -dss1 -sign <(security find-generic-password -g -s \"$KEYCHAIN_PRIVKEY_NAME\" 2>&1 1>/dev/null | perl -pe '($_) = /\"(.+)\"/; s/\\\\012/\\n/g' | perl -MXML::LibXML -e 'print XML::LibXML->new()->parse_file(\"-\")->findvalue(q(//string[preceding-sibling::key[1] = \"NOTE\"]))') \\\n\t| openssl enc -base64\n)\n\ncat > appcast.xml <<EOF\n<?xml version=\"1.0\" encoding=\"utf-8\"?>\n<rss version=\"2.0\" xmlns:sparkle=\"http://www.andymatuschak.org/xml-namespaces/sparkle\"  xmlns:dc=\"http://purl.org/dc/elements/1.1/\">\n   <channel>\n      <title>GitBuddy Changelog</title>\n      <link>http://www.endlessinsomnia.com/updates/GitBuddy/appcast.xml</link>\n      <description>Most recent changes with links to updates.</description>\n      <language>en</language>\n\t  \n\t\t<item>\n\t\t\t<title>GitBuddy $VERSION Released!</title>\n\t\t\t<sparkle:releaseNotesLink>$RELEASENOTES_URL</sparkle:releaseNotesLink>\n\t\t\t<pubDate>$PUBDATE</pubDate>\n\t\t\t<enclosure\n\t\t\t\turl=\"$DOWNLOAD_URL\"\n\t\t\t\tsparkle:version=\"$RELEASE\"\n\t\t\t\tsparkle:shortVersionString=\"$VERSION\"\n\t\t\t\ttype=\"application/octet-stream\"\n\t\t\t\tlength=\"$SIZE\"\n\t\t\t\tsparkle:dsaSignature=\"$SIGNATURE\"\n\t\t\t/>\n\t\t</item>\n\t\t\n   </channel>\n</rss>\nEOF";
		};
/* End PBXShellScriptBuildPhase section */

/* Begin PBXSourcesBuildPhase section */
		768DA05F1247D8DF008D71AF /* Sources */ = {
			isa = PBXSourcesBuildPhase;
			buildActionMask = 2147483647;
			files = (
				768DA0601247D8DF008D71AF /* main.m in Sources */,
				768DA0611247D8DF008D71AF /* GitBuddy.m in Sources */,
				768DA0621247D8DF008D71AF /* GitWrapper.m in Sources */,
				768DA0631247D8DF008D71AF /* NSObject+SBJSON.m in Sources */,
				768DA0641247D8DF008D71AF /* NSString+SBJSON.m in Sources */,
				768DA0651247D8DF008D71AF /* SBJsonBase.m in Sources */,
				768DA0661247D8DF008D71AF /* SBJsonParser.m in Sources */,
				768DA0671247D8DF008D71AF /* SBJsonWriter.m in Sources */,
				768DA0681247D8DF008D71AF /* ProjectBuddy.m in Sources */,
				768DA06A1247D8DF008D71AF /* GitWrapperCommand.m in Sources */,
				768DA06B1247D8DF008D71AF /* ProjectSubMenu.m in Sources */,
				768DA06C1247D8DF008D71AF /* ProjectFilesSource.m in Sources */,
				768DA06D1247D8DF008D71AF /* FilesStager.m in Sources */,
				768DA06E1247D8DF008D71AF /* DiffViewSource.m in Sources */,
				768DA06F1247D8DF008D71AF /* Preview.m in Sources */,
				768DA0701247D8DF008D71AF /* Highlight.m in Sources */,
				768DA0711247D8DF008D71AF /* Commit.m in Sources */,
				768DA0721247D8DF008D71AF /* Clone.m in Sources */,
				768DA0731247D8DF008D71AF /* MGPreferencePanel.m in Sources */,
				767C9811124A4AB10037B0F9 /* CommitsSource.m in Sources */,
				767C985F124A50640037B0F9 /* CommitsLog.m in Sources */,
				76A5F3DB124DFAE60095280F /* AnimatedStatus.m in Sources */,
				763D51A9125344500062039A /* RepositoryTracker.m in Sources */,
			);
			runOnlyForDeploymentPostprocessing = 0;
		};
		8D11072C0486CEB800E47090 /* Sources */ = {
			isa = PBXSourcesBuildPhase;
			buildActionMask = 2147483647;
			files = (
				8D11072D0486CEB800E47090 /* main.m in Sources */,
				256AC3DA0F4B6AC300CF3369 /* GitBuddy.m in Sources */,
				766B543912324DA2008738D4 /* GitWrapper.m in Sources */,
				766B547312325E43008738D4 /* NSObject+SBJSON.m in Sources */,
				766B547412325E43008738D4 /* NSString+SBJSON.m in Sources */,
				766B547512325E43008738D4 /* SBJsonBase.m in Sources */,
				766B547612325E43008738D4 /* SBJsonParser.m in Sources */,
				766B547712325E43008738D4 /* SBJsonWriter.m in Sources */,
				766B57CD1232BFD6008738D4 /* ProjectBuddy.m in Sources */,
				76FADB701235596F0075EAC0 /* GitWrapperCommand.m in Sources */,
				765C8F98123697AD00FCFF42 /* ProjectSubMenu.m in Sources */,
				76FC45CF1236D67600C314A0 /* ProjectFilesSource.m in Sources */,
				76FC45F21236E74700C314A0 /* FilesStager.m in Sources */,
				767E35191237CD2A009AB7D6 /* DiffViewSource.m in Sources */,
				769C1D4712390D1E006B127D /* Preview.m in Sources */,
				769C1D651239103E006B127D /* Highlight.m in Sources */,
				769C1F2B12395774006B127D /* Commit.m in Sources */,
				763110E4123A79D60090CBFE /* Clone.m in Sources */,
				7649A7F9123E6BC300D365AF /* MGPreferencePanel.m in Sources */,
				767C9812124A4AB10037B0F9 /* CommitsSource.m in Sources */,
				767C9860124A50640037B0F9 /* CommitsLog.m in Sources */,
				76A5F3DC124DFAE60095280F /* AnimatedStatus.m in Sources */,
				763D51AA125344500062039A /* RepositoryTracker.m in Sources */,
			);
			runOnlyForDeploymentPostprocessing = 0;
		};
/* End PBXSourcesBuildPhase section */

/* Begin PBXVariantGroup section */
		089C165CFE840E0CC02AAC07 /* InfoPlist.strings */ = {
			isa = PBXVariantGroup;
			children = (
				089C165DFE840E0CC02AAC07 /* English */,
			);
			name = InfoPlist.strings;
			sourceTree = "<group>";
		};
		1DDD58140DA1D0A300B32029 /* GitBuddy.xib */ = {
			isa = PBXVariantGroup;
			children = (
				1DDD58150DA1D0A300B32029 /* English */,
			);
			name = GitBuddy.xib;
			sourceTree = "<group>";
		};
/* End PBXVariantGroup section */

/* Begin XCBuildConfiguration section */
		768DA07E1247D8DF008D71AF /* Debug */ = {
			isa = XCBuildConfiguration;
			buildSettings = {
				ALWAYS_SEARCH_USER_PATHS = NO;
				COPY_PHASE_STRIP = NO;
				FRAMEWORK_SEARCH_PATHS = (
					"$(inherited)",
					"\"$(SRCROOT)\"",
				);
				GCC_DYNAMIC_NO_PIC = NO;
				GCC_ENABLE_FIX_AND_CONTINUE = YES;
				GCC_MODEL_TUNING = G5;
				GCC_OPTIMIZATION_LEVEL = 0;
				GCC_PRECOMPILE_PREFIX_HEADER = YES;
				GCC_PREFIX_HEADER = GitBuddy_Prefix.pch;
				HEADER_SEARCH_PATHS = "";
				INFOPLIST_FILE = "GitBuddy-Info copy.plist";
				INSTALL_PATH = "$(HOME)/Applications";
				PRODUCT_NAME = GitBuddy;
			};
			name = Debug;
		};
		768DA07F1247D8DF008D71AF /* Release */ = {
			isa = XCBuildConfiguration;
			buildSettings = {
				ALWAYS_SEARCH_USER_PATHS = NO;
				DEBUG_INFORMATION_FORMAT = "dwarf-with-dsym";
				FRAMEWORK_SEARCH_PATHS = (
					"$(inherited)",
					"\\\"$(SRCROOT)\\\"",
					"\"$(SRCROOT)\"",
				);
				GCC_MODEL_TUNING = G5;
				GCC_PRECOMPILE_PREFIX_HEADER = YES;
				GCC_PREFIX_HEADER = GitBuddy_Prefix.pch;
				HEADER_SEARCH_PATHS = "";
				INFOPLIST_FILE = "GitBuddy-Info copy.plist";
				INSTALL_PATH = "$(HOME)/Applications";
				PRODUCT_NAME = GitBuddy;
			};
			name = Release;
		};
		C01FCF4B08A954540054247B /* Debug */ = {
			isa = XCBuildConfiguration;
			buildSettings = {
				ALWAYS_SEARCH_USER_PATHS = NO;
				COPY_PHASE_STRIP = NO;
				FRAMEWORK_SEARCH_PATHS = (
					"$(inherited)",
					"\"$(SRCROOT)\"",
				);
				GCC_DYNAMIC_NO_PIC = NO;
				GCC_ENABLE_FIX_AND_CONTINUE = YES;
				GCC_MODEL_TUNING = G5;
				GCC_OPTIMIZATION_LEVEL = 0;
				GCC_PRECOMPILE_PREFIX_HEADER = YES;
				GCC_PREFIX_HEADER = GitBuddy_Prefix.pch;
				HEADER_SEARCH_PATHS = "";
				INFOPLIST_FILE = "GitBuddy-Info.plist";
				INSTALL_PATH = "$(HOME)/Applications";
				PRODUCT_NAME = GitBuddy;
			};
			name = Debug;
		};
		C01FCF4C08A954540054247B /* Release */ = {
			isa = XCBuildConfiguration;
			buildSettings = {
				ALWAYS_SEARCH_USER_PATHS = NO;
				DEBUG_INFORMATION_FORMAT = "dwarf-with-dsym";
				FRAMEWORK_SEARCH_PATHS = (
					"$(inherited)",
					"\"$(SRCROOT)\"",
				);
				GCC_MODEL_TUNING = G5;
				GCC_PRECOMPILE_PREFIX_HEADER = YES;
				GCC_PREFIX_HEADER = GitBuddy_Prefix.pch;
				INFOPLIST_FILE = "GitBuddy-Info.plist";
				INSTALL_PATH = "$(HOME)/Applications";
				PRODUCT_NAME = GitBuddy;
			};
			name = Release;
		};
		C01FCF4F08A954540054247B /* Debug */ = {
			isa = XCBuildConfiguration;
			buildSettings = {
				ARCHS = "$(ARCHS_STANDARD_32_64_BIT)";
				GCC_C_LANGUAGE_STANDARD = gnu99;
				GCC_OPTIMIZATION_LEVEL = 0;
				GCC_WARN_ABOUT_RETURN_TYPE = YES;
				GCC_WARN_UNUSED_VARIABLE = YES;
				ONLY_ACTIVE_ARCH = YES;
				PREBINDING = NO;
				SDKROOT = macosx10.6;
			};
			name = Debug;
		};
		C01FCF5008A954540054247B /* Release */ = {
			isa = XCBuildConfiguration;
			buildSettings = {
				ARCHS = "$(ARCHS_STANDARD_32_64_BIT)";
				GCC_C_LANGUAGE_STANDARD = gnu99;
				GCC_WARN_ABOUT_RETURN_TYPE = YES;
				GCC_WARN_UNUSED_VARIABLE = YES;
				PREBINDING = NO;
				SDKROOT = macosx10.6;
			};
			name = Release;
		};
/* End XCBuildConfiguration section */

/* Begin XCConfigurationList section */
		768DA07D1247D8DF008D71AF /* Build configuration list for PBXNativeTarget "GitBuddy" */ = {
			isa = XCConfigurationList;
			buildConfigurations = (
				768DA07E1247D8DF008D71AF /* Debug */,
				768DA07F1247D8DF008D71AF /* Release */,
			);
			defaultConfigurationIsVisible = 0;
			defaultConfigurationName = Release;
		};
		C01FCF4A08A954540054247B /* Build configuration list for PBXNativeTarget "GitBuddy Release" */ = {
			isa = XCConfigurationList;
			buildConfigurations = (
				C01FCF4B08A954540054247B /* Debug */,
				C01FCF4C08A954540054247B /* Release */,
			);
			defaultConfigurationIsVisible = 0;
			defaultConfigurationName = Release;
		};
		C01FCF4E08A954540054247B /* Build configuration list for PBXProject "GitBuddy" */ = {
			isa = XCConfigurationList;
			buildConfigurations = (
				C01FCF4F08A954540054247B /* Debug */,
				C01FCF5008A954540054247B /* Release */,
			);
			defaultConfigurationIsVisible = 0;
			defaultConfigurationName = Release;
		};
/* End XCConfigurationList section */
	};
	rootObject = 29B97313FDCFA39411CA2CEA /* Project object */;
}
